
Microsoft Visual Studio Solution File, Format Version 12.00
# Visual Studio Version 17
VisualStudioVersion = 17.13.35825.156 d17.13
MinimumVisualStudioVersion = 10.0.40219.1
Project("{FAE04EC0-301F-11D3-BF4B-00C04F79EFBC}") = "SinemaArsivSitesi", "SinemaArsivSitesi.csproj", "{6A1C2452-7344-16B1-BDC0-5EB767A997D9}"
EndProject
Global
	GlobalSection(SolutionConfigurationPlatforms) = preSolution
		Debug|Any CPU = Debug|Any CPU
		Release|Any CPU = Release|Any CPU
	EndGlobalSection
	GlobalSection(ProjectConfigurationPlatforms) = postSolution
		{6A1C2452-7344-16B1-BDC0-5EB767A997D9}.Debug|Any CPU.ActiveCfg = Debug|Any CPU
		{6A1C2452-7344-16B1-BDC0-5EB767A997D9}.Debug|Any CPU.Build.0 = Debug|Any CPU
		{6A1C2452-7344-16B1-BDC0-5EB767A997D9}.Release|Any CPU.ActiveCfg = Release|Any CPU
		{6A1C2452-7344-16B1-BDC0-5EB767A997D9}.Release|Any CPU.Build.0 = Release|Any CPU
	EndGlobalSection
	GlobalSection(SolutionProperties) = preSolution
		HideSolutionNode = FALSE
	EndGlobalSection
	GlobalSection(ExtensibilityGlobals) = postSolution
		SolutionGuid = {0B446BE3-78E4-4C7F-A9C1-95305E8F750A}
	EndGlobalSection
EndGlobal
